
Microsoft Visual Studio Solution File, Format Version 12.00
# Visual Studio Version 17
VisualStudioVersion = 17.0.31903.59
MinimumVisualStudioVersion = 10.0.40219.1
Project("{2150E333-8FDC-42A3-9474-1A3956D46DE8}") = "src", "src", "{6ED356A7-8B47-4613-AD01-C85CF28491BD}"
EndProject
Project("{2150E333-8FDC-42A3-9474-1A3956D46DE8}") = "tests", "tests", "{664D406C-2F83-48F0-BFC3-408D5CB53C65}"
EndProject
Project("{2150E333-8FDC-42A3-9474-1A3956D46DE8}") = "Solution Items", "Solution Items", "{E2DA20AA-28D1-455C-BF50-C49A8F831633}"
	ProjectSection(SolutionItems) = preProject
		.editorconfig = .editorconfig
		.gitignore = .gitignore
	EndProjectSection
EndProject
Project("{9A19103F-16F7-4668-BE54-9A1E7A4F7556}") = "Pawz.Web", "src\Pawz.Web\Pawz.Web.csproj", "{273EFD21-8E94-445D-A69D-3C0663E8AC77}"
EndProject
Project("{9A19103F-16F7-4668-BE54-9A1E7A4F7556}") = "Pawz.Infrastructure", "src\Pawz.Infrastructure\Pawz.Infrastructure.csproj", "{F480D2ED-86FE-4A03-B346-D04232762542}"
EndProject
Project("{9A19103F-16F7-4668-BE54-9A1E7A4F7556}") = "Pawz.Domain", "src\Pawz.Domain\Pawz.Domain.csproj", "{B0BD2067-9AB0-429C-B776-05947150D021}"
EndProject
Project("{9A19103F-16F7-4668-BE54-9A1E7A4F7556}") = "Pawz.Application", "src\Pawz.Application\Pawz.Application.csproj", "{80CFAD7A-DB00-4AFE-8F57-F8DCC296991B}"
EndProject
Project("{9A19103F-16F7-4668-BE54-9A1E7A4F7556}") = "Pawz.Application.UnitTests", "tests\Pawz.Application.UnitTests\Pawz.Application.UnitTests.csproj", "{602507AD-8851-4B22-8492-710F071D35C4}"
EndProject
Global
	GlobalSection(SolutionConfigurationPlatforms) = preSolution
		Debug|Any CPU = Debug|Any CPU
		Release|Any CPU = Release|Any CPU
	EndGlobalSection
	GlobalSection(ProjectConfigurationPlatforms) = postSolution
		{273EFD21-8E94-445D-A69D-3C0663E8AC77}.Debug|Any CPU.ActiveCfg = Debug|Any CPU
		{273EFD21-8E94-445D-A69D-3C0663E8AC77}.Debug|Any CPU.Build.0 = Debug|Any CPU
		{273EFD21-8E94-445D-A69D-3C0663E8AC77}.Release|Any CPU.ActiveCfg = Release|Any CPU
		{273EFD21-8E94-445D-A69D-3C0663E8AC77}.Release|Any CPU.Build.0 = Release|Any CPU
		{F480D2ED-86FE-4A03-B346-D04232762542}.Debug|Any CPU.ActiveCfg = Debug|Any CPU
		{F480D2ED-86FE-4A03-B346-D04232762542}.Debug|Any CPU.Build.0 = Debug|Any CPU
		{F480D2ED-86FE-4A03-B346-D04232762542}.Release|Any CPU.ActiveCfg = Release|Any CPU
		{F480D2ED-86FE-4A03-B346-D04232762542}.Release|Any CPU.Build.0 = Release|Any CPU
		{B0BD2067-9AB0-429C-B776-05947150D021}.Debug|Any CPU.ActiveCfg = Debug|Any CPU
		{B0BD2067-9AB0-429C-B776-05947150D021}.Debug|Any CPU.Build.0 = Debug|Any CPU
		{B0BD2067-9AB0-429C-B776-05947150D021}.Release|Any CPU.ActiveCfg = Release|Any CPU
		{B0BD2067-9AB0-429C-B776-05947150D021}.Release|Any CPU.Build.0 = Release|Any CPU
		{80CFAD7A-DB00-4AFE-8F57-F8DCC296991B}.Debug|Any CPU.ActiveCfg = Debug|Any CPU
		{80CFAD7A-DB00-4AFE-8F57-F8DCC296991B}.Debug|Any CPU.Build.0 = Debug|Any CPU
		{80CFAD7A-DB00-4AFE-8F57-F8DCC296991B}.Release|Any CPU.ActiveCfg = Release|Any CPU
		{80CFAD7A-DB00-4AFE-8F57-F8DCC296991B}.Release|Any CPU.Build.0 = Release|Any CPU
		{602507AD-8851-4B22-8492-710F071D35C4}.Debug|Any CPU.ActiveCfg = Debug|Any CPU
		{602507AD-8851-4B22-8492-710F071D35C4}.Debug|Any CPU.Build.0 = Debug|Any CPU
		{602507AD-8851-4B22-8492-710F071D35C4}.Release|Any CPU.ActiveCfg = Release|Any CPU
		{602507AD-8851-4B22-8492-710F071D35C4}.Release|Any CPU.Build.0 = Release|Any CPU
	EndGlobalSection
	GlobalSection(SolutionProperties) = preSolution
		HideSolutionNode = FALSE
	EndGlobalSection
	GlobalSection(NestedProjects) = preSolution
		{273EFD21-8E94-445D-A69D-3C0663E8AC77} = {6ED356A7-8B47-4613-AD01-C85CF28491BD}
		{F480D2ED-86FE-4A03-B346-D04232762542} = {6ED356A7-8B47-4613-AD01-C85CF28491BD}
		{B0BD2067-9AB0-429C-B776-05947150D021} = {6ED356A7-8B47-4613-AD01-C85CF28491BD}
		{80CFAD7A-DB00-4AFE-8F57-F8DCC296991B} = {6ED356A7-8B47-4613-AD01-C85CF28491BD}
		{602507AD-8851-4B22-8492-710F071D35C4} = {664D406C-2F83-48F0-BFC3-408D5CB53C65}
	EndGlobalSection
	GlobalSection(ExtensibilityGlobals) = postSolution
		SolutionGuid = {02AEA23E-9EDB-4954-8D2E-63D4B278FEDE}
	EndGlobalSection
EndGlobal
